
Microsoft Visual Studio Solution File, Format Version 12.00
# Visual Studio Version 16
VisualStudioVersion = 16.0.32630.194
MinimumVisualStudioVersion = 10.0.40219.1
Project("{9A19103F-16F7-4668-BE54-9A1E7A4F7556}") = "CsharpExercise", "CsharpExercise\CsharpExercise.csproj", "{9444E3E2-212D-4B4E-A3BF-B46641D0FCDD}"
EndProject
Project("{9A19103F-16F7-4668-BE54-9A1E7A4F7556}") = "CsharpExercise.Tests", "CsharpExercise.Tests\CsharpExercise.Tests.csproj", "{C299FC16-B502-410D-AD7A-CC9F3513AE32}"
EndProject
Project("{9A19103F-16F7-4668-BE54-9A1E7A4F7556}") = "CsharpExercise.Library", "CsharpExercise.Library\CsharpExercise.Library.csproj", "{6CD1265F-889C-40B0-8EE2-BF2E652CEC5E}"
EndProject
Global
	GlobalSection(SolutionConfigurationPlatforms) = preSolution
		Debug|Any CPU = Debug|Any CPU
		Release|Any CPU = Release|Any CPU
	EndGlobalSection
	GlobalSection(ProjectConfigurationPlatforms) = postSolution
		{9444E3E2-212D-4B4E-A3BF-B46641D0FCDD}.Debug|Any CPU.ActiveCfg = Debug|Any CPU
		{9444E3E2-212D-4B4E-A3BF-B46641D0FCDD}.Debug|Any CPU.Build.0 = Debug|Any CPU
		{9444E3E2-212D-4B4E-A3BF-B46641D0FCDD}.Release|Any CPU.ActiveCfg = Release|Any CPU
		{9444E3E2-212D-4B4E-A3BF-B46641D0FCDD}.Release|Any CPU.Build.0 = Release|Any CPU
		{C299FC16-B502-410D-AD7A-CC9F3513AE32}.Debug|Any CPU.ActiveCfg = Debug|Any CPU
		{C299FC16-B502-410D-AD7A-CC9F3513AE32}.Debug|Any CPU.Build.0 = Debug|Any CPU
		{C299FC16-B502-410D-AD7A-CC9F3513AE32}.Release|Any CPU.ActiveCfg = Release|Any CPU
		{C299FC16-B502-410D-AD7A-CC9F3513AE32}.Release|Any CPU.Build.0 = Release|Any CPU
		{6CD1265F-889C-40B0-8EE2-BF2E652CEC5E}.Debug|Any CPU.ActiveCfg = Debug|Any CPU
		{6CD1265F-889C-40B0-8EE2-BF2E652CEC5E}.Debug|Any CPU.Build.0 = Debug|Any CPU
		{6CD1265F-889C-40B0-8EE2-BF2E652CEC5E}.Release|Any CPU.ActiveCfg = Release|Any CPU
		{6CD1265F-889C-40B0-8EE2-BF2E652CEC5E}.Release|Any CPU.Build.0 = Release|Any CPU
	EndGlobalSection
	GlobalSection(SolutionProperties) = preSolution
		HideSolutionNode = FALSE
	EndGlobalSection
	GlobalSection(ExtensibilityGlobals) = postSolution
		SolutionGuid = {90B2AED4-0E44-4501-A74F-C4A586ED9404}
	EndGlobalSection
EndGlobal
